{
	"name": "pristine-jsnote",
	"version": "1.0.0",
	"lockfileVersion": 2,
	"requires": true,
	"packages": {
		"": {
			"name": "pristine-jsnote",
			"version": "1.0.0",
			"license": "ISC",
			"dependencies": {
				"commander": "^7.0.0"
			},
			"bin": {
				"pristine-jsnote": "dist/index.js"
			},
			"devDependencies": {
				"@types/node": "^14.14.25",
				"esbuild": "0.8.26"
			}
		},
		"node_modules/@types/node": {
			"version": "14.14.25",
			"resolved": "https://registry.npmjs.org/@types/node/-/node-14.14.25.tgz",
			"integrity": "sha512-EPpXLOVqDvisVxtlbvzfyqSsFeQxltFbluZNRndIb8tr9KiBnYNLzrc1N3pyKUCww2RNrfHDViqDWWE1LCJQtQ==",
			"dev": true
		},
		"node_modules/commander": {
			"version": "7.0.0",
			"resolved": "https://registry.npmjs.org/commander/-/commander-7.0.0.tgz",
			"integrity": "sha512-ovx/7NkTrnPuIV8sqk/GjUIIM1+iUQeqA3ye2VNpq9sVoiZsooObWlQy+OPWGI17GDaEoybuAGJm6U8yC077BA==",
			"engines": {
				"node": ">= 10"
			}
		},
		"node_modules/esbuild": {
			"version": "0.8.26",
			"resolved": "https://registry.npmjs.org/esbuild/-/esbuild-0.8.26.tgz",
			"integrity": "sha512-u3MMHOOumdWoAKF+073GHPpzvVB2cM+y9VD4ZwYs1FAQ6atRPISya35dbrbOu/mM68mQ42P+nwPzQVBTfQhkvQ==",
			"dev": true,
			"hasInstallScript": true,
			"bin": {
				"esbuild": "bin/esbuild"
			}
		}
	},
	"dependencies": {
		"@types/node": {
			"version": "14.14.25",
			"resolved": "https://registry.npmjs.org/@types/node/-/node-14.14.25.tgz",
			"integrity": "sha512-EPpXLOVqDvisVxtlbvzfyqSsFeQxltFbluZNRndIb8tr9KiBnYNLzrc1N3pyKUCww2RNrfHDViqDWWE1LCJQtQ==",
			"dev": true
		},
		"commander": {
			"version": "7.0.0",
			"resolved": "https://registry.npmjs.org/commander/-/commander-7.0.0.tgz",
			"integrity": "sha512-ovx/7NkTrnPuIV8sqk/GjUIIM1+iUQeqA3ye2VNpq9sVoiZsooObWlQy+OPWGI17GDaEoybuAGJm6U8yC077BA=="
		},
		"esbuild": {
			"version": "0.8.26",
			"resolved": "https://registry.npmjs.org/esbuild/-/esbuild-0.8.26.tgz",
			"integrity": "sha512-u3MMHOOumdWoAKF+073GHPpzvVB2cM+y9VD4ZwYs1FAQ6atRPISya35dbrbOu/mM68mQ42P+nwPzQVBTfQhkvQ==",
			"dev": true
		}
	}
}
